
Microsoft Visual Studio Solution File, Format Version 12.00
# Visual Studio Version 17
VisualStudioVersion = 17.4.33205.214
MinimumVisualStudioVersion = 10.0.40219.1
Project("{FAE04EC0-301F-11D3-BF4B-00C04F79EFBC}") = "web_project", "web_project\web_project.csproj", "{C8C2B8E2-0C1A-4206-A6A8-9E7ABFC45263}"
EndProject
Global
	GlobalSection(SolutionConfigurationPlatforms) = preSolution
		Debug|Any CPU = Debug|Any CPU
		Release|Any CPU = Release|Any CPU
	EndGlobalSection
	GlobalSection(ProjectConfigurationPlatforms) = postSolution
		{C8C2B8E2-0C1A-4206-A6A8-9E7ABFC45263}.Debug|Any CPU.ActiveCfg = Debug|Any CPU
		{C8C2B8E2-0C1A-4206-A6A8-9E7ABFC45263}.Debug|Any CPU.Build.0 = Debug|Any CPU
		{C8C2B8E2-0C1A-4206-A6A8-9E7ABFC45263}.Release|Any CPU.ActiveCfg = Release|Any CPU
		{C8C2B8E2-0C1A-4206-A6A8-9E7ABFC45263}.Release|Any CPU.Build.0 = Release|Any CPU
	EndGlobalSection
	GlobalSection(SolutionProperties) = preSolution
		HideSolutionNode = FALSE
	EndGlobalSection
	GlobalSection(ExtensibilityGlobals) = postSolution
		SolutionGuid = {D5CDB079-E5C3-4B47-A117-CCA8105FB22F}
	EndGlobalSection
EndGlobal
